version = 1
revision = 3
requires-python = "==3.13.*"

[[package]]
name = "asgiref"
version = "3.12.1"
source = { registry = "https://pypi.org/simple" }

[[package]]
name = "django"
version = "5.2.17"
source = { registry = "https://pypi.org/simple" }
dependencies = [
    { name = "asgiref" },
    { name = "sqlparse" },
]

[[package]]
name = "palvelut"
version = "0.1.0"
source = { virtual = "." }
dependencies = [
    { name = "django" },
]

[package.metadata]
requires-dist = [{ name = "django", specifier = ">=5.2,<5.3" }]

[[package]]
name = "sqlparse"
version = "0.6.0"
source = { registry = "https://pypi.org/simple" }
